
Microsoft Visual Studio Solution File, Format Version 12.00
# Visual Studio Version 16
VisualStudioVersion = 16.0.30907.101
MinimumVisualStudioVersion = 10.0.40219.1
Project("{FAE04EC0-301F-11D3-BF4B-00C04F79EFBC}") = "LogBookTask", "LogBookTask\LogBookTask.csproj", "{BD081484-6A06-4D66-9A53-B94603F42E7E}"
EndProject
Global
	GlobalSection(SolutionConfigurationPlatforms) = preSolution
		Debug|Any CPU = Debug|Any CPU
		Release|Any CPU = Release|Any CPU
	EndGlobalSection
	GlobalSection(ProjectConfigurationPlatforms) = postSolution
		{BD081484-6A06-4D66-9A53-B94603F42E7E}.Debug|Any CPU.ActiveCfg = Debug|Any CPU
		{BD081484-6A06-4D66-9A53-B94603F42E7E}.Debug|Any CPU.Build.0 = Debug|Any CPU
		{BD081484-6A06-4D66-9A53-B94603F42E7E}.Release|Any CPU.ActiveCfg = Release|Any CPU
		{BD081484-6A06-4D66-9A53-B94603F42E7E}.Release|Any CPU.Build.0 = Release|Any CPU
	EndGlobalSection
	GlobalSection(SolutionProperties) = preSolution
		HideSolutionNode = FALSE
	EndGlobalSection
	GlobalSection(ExtensibilityGlobals) = postSolution
		SolutionGuid = {F8440BF4-0F43-43EA-B639-3288BA72AF35}
	EndGlobalSection
EndGlobal
